// !$*UTF8*$!
{
	archiveVersion = 1;
	classes = {
	};
	objectVersion = 51;
	objects = {

/* Begin PBXBuildFile section */
		EC30EE4924650A5600F737DF /* ChatVC.swift in Sources */ = {isa = PBXBuildFile; fileRef = EC30EE4824650A5600F737DF /* ChatVC.swift */; };
		EC30EE4B24650A8300F737DF /* ChannelVC.swift in Sources */ = {isa = PBXBuildFile; fileRef = EC30EE4A24650A8300F737DF /* ChannelVC.swift */; };
		EC30EE4F2465193C00F737DF /* GradientView.swift in Sources */ = {isa = PBXBuildFile; fileRef = EC30EE4E2465193C00F737DF /* GradientView.swift */; };
		EC5EAA3D246A3BDC0068BB72 /* LoginVC.swift in Sources */ = {isa = PBXBuildFile; fileRef = EC5EAA3C246A3BDC0068BB72 /* LoginVC.swift */; };
		EC5EAA3F246A497C0068BB72 /* SignupVC.swift in Sources */ = {isa = PBXBuildFile; fileRef = EC5EAA3E246A497C0068BB72 /* SignupVC.swift */; };
		ECFEC3A82464FF920027957A /* AppDelegate.swift in Sources */ = {isa = PBXBuildFile; fileRef = ECFEC3A72464FF920027957A /* AppDelegate.swift */; };
		ECFEC3AA2464FF920027957A /* SceneDelegate.swift in Sources */ = {isa = PBXBuildFile; fileRef = ECFEC3A92464FF920027957A /* SceneDelegate.swift */; };
		ECFEC3AF2464FF920027957A /* Main.storyboard in Resources */ = {isa = PBXBuildFile; fileRef = ECFEC3AD2464FF920027957A /* Main.storyboard */; };
		ECFEC3B12464FFA60027957A /* Assets.xcassets in Resources */ = {isa = PBXBuildFile; fileRef = ECFEC3B02464FFA60027957A /* Assets.xcassets */; };
		ECFEC3B42464FFA60027957A /* LaunchScreen.storyboard in Resources */ = {isa = PBXBuildFile; fileRef = ECFEC3B22464FFA60027957A /* LaunchScreen.storyboard */; };
		FD2A6E2637E82FA062DC47AE /* Pods_SmackApp.framework in Frameworks */ = {isa = PBXBuildFile; fileRef = 1639779F1BC679D37AA1E2E4 /* Pods_SmackApp.framework */; };
/* End PBXBuildFile section */

/* Begin PBXFileReference section */
		1639779F1BC679D37AA1E2E4 /* Pods_SmackApp.framework */ = {isa = PBXFileReference; explicitFileType = wrapper.framework; includeInIndex = 0; path = Pods_SmackApp.framework; sourceTree = BUILT_PRODUCTS_DIR; };
		3D015A253043817DBA8C7DB7 /* Pods-SmackApp.release.xcconfig */ = {isa = PBXFileReference; includeInIndex = 1; lastKnownFileType = text.xcconfig; name = "Pods-SmackApp.release.xcconfig"; path = "Target Support Files/Pods-SmackApp/Pods-SmackApp.release.xcconfig"; sourceTree = "<group>"; };
		E3FF038D7CD6B52ED2E2F48E /* Pods-SmackApp.debug.xcconfig */ = {isa = PBXFileReference; includeInIndex = 1; lastKnownFileType = text.xcconfig; name = "Pods-SmackApp.debug.xcconfig"; path = "Target Support Files/Pods-SmackApp/Pods-SmackApp.debug.xcconfig"; sourceTree = "<group>"; };
		EC30EE4824650A5600F737DF /* ChatVC.swift */ = {isa = PBXFileReference; lastKnownFileType = sourcecode.swift; path = ChatVC.swift; sourceTree = "<group>"; };
		EC30EE4A24650A8300F737DF /* ChannelVC.swift */ = {isa = PBXFileReference; lastKnownFileType = sourcecode.swift; path = ChannelVC.swift; sourceTree = "<group>"; };
		EC30EE4E2465193C00F737DF /* GradientView.swift */ = {isa = PBXFileReference; lastKnownFileType = sourcecode.swift; path = GradientView.swift; sourceTree = "<group>"; };
		EC5EAA3C246A3BDC0068BB72 /* LoginVC.swift */ = {isa = PBXFileReference; lastKnownFileType = sourcecode.swift; path = LoginVC.swift; sourceTree = "<group>"; };
		EC5EAA3E246A497C0068BB72 /* SignupVC.swift */ = {isa = PBXFileReference; lastKnownFileType = sourcecode.swift; path = SignupVC.swift; sourceTree = "<group>"; };
		ECFEC3A42464FF920027957A /* SmackApp.app */ = {isa = PBXFileReference; explicitFileType = wrapper.application; includeInIndex = 0; path = SmackApp.app; sourceTree = BUILT_PRODUCTS_DIR; };
		ECFEC3A72464FF920027957A /* AppDelegate.swift */ = {isa = PBXFileReference; lastKnownFileType = sourcecode.swift; path = AppDelegate.swift; sourceTree = "<group>"; };
		ECFEC3A92464FF920027957A /* SceneDelegate.swift */ = {isa = PBXFileReference; lastKnownFileType = sourcecode.swift; path = SceneDelegate.swift; sourceTree = "<group>"; };
		ECFEC3AE2464FF920027957A /* Base */ = {isa = PBXFileReference; lastKnownFileType = file.storyboard; name = Base; path = Base.lproj/Main.storyboard; sourceTree = "<group>"; };
		ECFEC3B02464FFA60027957A /* Assets.xcassets */ = {isa = PBXFileReference; lastKnownFileType = folder.assetcatalog; path = Assets.xcassets; sourceTree = "<group>"; };
		ECFEC3B32464FFA60027957A /* Base */ = {isa = PBXFileReference; lastKnownFileType = file.storyboard; name = Base; path = Base.lproj/LaunchScreen.storyboard; sourceTree = "<group>"; };
		ECFEC3B52464FFA60027957A /* Info.plist */ = {isa = PBXFileReference; lastKnownFileType = text.plist.xml; path = Info.plist; sourceTree = "<group>"; };
/* End PBXFileReference section */

/* Begin PBXFrameworksBuildPhase section */
		ECFEC3A12464FF920027957A /* Frameworks */ = {
			isa = PBXFrameworksBuildPhase;
			buildActionMask = 2147483647;
			files = (
				FD2A6E2637E82FA062DC47AE /* Pods_SmackApp.framework in Frameworks */,
			);
			runOnlyForDeploymentPostprocessing = 0;
		};
/* End PBXFrameworksBuildPhase section */

/* Begin PBXGroup section */
		90DD3AA2575BAF28C9E6076C /* Frameworks */ = {
			isa = PBXGroup;
			children = (
				1639779F1BC679D37AA1E2E4 /* Pods_SmackApp.framework */,
			);
			name = Frameworks;
			sourceTree = "<group>";
		};
		EC30EE4524650A2E00F737DF /* Controller */ = {
			isa = PBXGroup;
			children = (
				EC30EE4824650A5600F737DF /* ChatVC.swift */,
				EC30EE4A24650A8300F737DF /* ChannelVC.swift */,
				EC5EAA3C246A3BDC0068BB72 /* LoginVC.swift */,
				EC5EAA3E246A497C0068BB72 /* SignupVC.swift */,
			);
			path = Controller;
			sourceTree = "<group>";
		};
		EC30EE4624650A3700F737DF /* View */ = {
			isa = PBXGroup;
			children = (
				EC30EE4E2465193C00F737DF /* GradientView.swift */,
			);
			path = View;
			sourceTree = "<group>";
		};
		EC30EE4724650A3D00F737DF /* Model */ = {
			isa = PBXGroup;
			children = (
			);
			path = Model;
			sourceTree = "<group>";
		};
		ECFEC39B2464FF920027957A = {
			isa = PBXGroup;
			children = (
				ECFEC3A62464FF920027957A /* SmackApp */,
				ECFEC3A52464FF920027957A /* Products */,
				F28C2A662C8D301871A63806 /* Pods */,
				90DD3AA2575BAF28C9E6076C /* Frameworks */,
			);
			sourceTree = "<group>";
		};
		ECFEC3A52464FF920027957A /* Products */ = {
			isa = PBXGroup;
			children = (
				ECFEC3A42464FF920027957A /* SmackApp.app */,
			);
			name = Products;
			sourceTree = "<group>";
		};
		ECFEC3A62464FF920027957A /* SmackApp */ = {
			isa = PBXGroup;
			children = (
				EC30EE4724650A3D00F737DF /* Model */,
				EC30EE4624650A3700F737DF /* View */,
				EC30EE4524650A2E00F737DF /* Controller */,
				ECFEC3A72464FF920027957A /* AppDelegate.swift */,
				ECFEC3A92464FF920027957A /* SceneDelegate.swift */,
				ECFEC3AD2464FF920027957A /* Main.storyboard */,
				ECFEC3B02464FFA60027957A /* Assets.xcassets */,
				ECFEC3B22464FFA60027957A /* LaunchScreen.storyboard */,
				ECFEC3B52464FFA60027957A /* Info.plist */,
			);
			path = SmackApp;
			sourceTree = "<group>";
		};
		F28C2A662C8D301871A63806 /* Pods */ = {
			isa = PBXGroup;
			children = (
				E3FF038D7CD6B52ED2E2F48E /* Pods-SmackApp.debug.xcconfig */,
				3D015A253043817DBA8C7DB7 /* Pods-SmackApp.release.xcconfig */,
			);
			path = Pods;
			sourceTree = "<group>";
		};
/* End PBXGroup section */

/* Begin PBXNativeTarget section */
		ECFEC3A32464FF920027957A /* SmackApp */ = {
			isa = PBXNativeTarget;
			buildConfigurationList = ECFEC3B82464FFA60027957A /* Build configuration list for PBXNativeTarget "SmackApp" */;
			buildPhases = (
				08F7D6DC36B6E3936F2C277F /* [CP] Check Pods Manifest.lock */,
				ECFEC3A02464FF920027957A /* Sources */,
				ECFEC3A12464FF920027957A /* Frameworks */,
				ECFEC3A22464FF920027957A /* Resources */,
				AB79790A976B1361762AC2D9 /* [CP] Embed Pods Frameworks */,
			);
			buildRules = (
			);
			dependencies = (
			);
			name = SmackApp;
			productName = SmackApp;
			productReference = ECFEC3A42464FF920027957A /* SmackApp.app */;
			productType = "com.apple.product-type.application";
		};
/* End PBXNativeTarget section */

/* Begin PBXProject section */
		ECFEC39C2464FF920027957A /* Project object */ = {
			isa = PBXProject;
			attributes = {
				LastSwiftUpdateCheck = 1140;
				LastUpgradeCheck = 1140;
				ORGANIZATIONNAME = DEVX;
				TargetAttributes = {
					ECFEC3A32464FF920027957A = {
						CreatedOnToolsVersion = 11.4;
					};
				};
			};
			buildConfigurationList = ECFEC39F2464FF920027957A /* Build configuration list for PBXProject "SmackApp" */;
			compatibilityVersion = "Xcode 9.3";
			developmentRegion = en;
			hasScannedForEncodings = 0;
			knownRegions = (
				en,
				Base,
			);
			mainGroup = ECFEC39B2464FF920027957A;
			productRefGroup = ECFEC3A52464FF920027957A /* Products */;
			projectDirPath = "";
			projectRoot = "";
			targets = (
				ECFEC3A32464FF920027957A /* SmackApp */,
			);
		};
/* End PBXProject section */

/* Begin PBXResourcesBuildPhase section */
		ECFEC3A22464FF920027957A /* Resources */ = {
			isa = PBXResourcesBuildPhase;
			buildActionMask = 2147483647;
			files = (
				ECFEC3B42464FFA60027957A /* LaunchScreen.storyboard in Resources */,
				ECFEC3B12464FFA60027957A /* Assets.xcassets in Resources */,
				ECFEC3AF2464FF920027957A /* Main.storyboard in Resources */,
			);
			runOnlyForDeploymentPostprocessing = 0;
		};
/* End PBXResourcesBuildPhase section */

/* Begin PBXShellScriptBuildPhase section */
		08F7D6DC36B6E3936F2C277F /* [CP] Check Pods Manifest.lock */ = {
			isa = PBXShellScriptBuildPhase;
			buildActionMask = 2147483647;
			files = (
			);
			inputFileListPaths = (
			);
			inputPaths = (
				"${PODS_PODFILE_DIR_PATH}/Podfile.lock",
				"${PODS_ROOT}/Manifest.lock",
			);
			name = "[CP] Check Pods Manifest.lock";
			outputFileListPaths = (
			);
			outputPaths = (
				"$(DERIVED_FILE_DIR)/Pods-SmackApp-checkManifestLockResult.txt",
			);
			runOnlyForDeploymentPostprocessing = 0;
			shellPath = /bin/sh;
			shellScript = "diff \"${PODS_PODFILE_DIR_PATH}/Podfile.lock\" \"${PODS_ROOT}/Manifest.lock\" > /dev/null\nif [ $? != 0 ] ; then\n    # print error to STDERR\n    echo \"error: The sandbox is not in sync with the Podfile.lock. Run 'pod install' or update your CocoaPods installation.\" >&2\n    exit 1\nfi\n# This output is used by Xcode 'outputs' to avoid re-running this script phase.\necho \"SUCCESS\" > \"${SCRIPT_OUTPUT_FILE_0}\"\n";
			showEnvVarsInLog = 0;
		};
		AB79790A976B1361762AC2D9 /* [CP] Embed Pods Frameworks */ = {
			isa = PBXShellScriptBuildPhase;
			buildActionMask = 2147483647;
			files = (
			);
			inputFileListPaths = (
				"${PODS_ROOT}/Target Support Files/Pods-SmackApp/Pods-SmackApp-frameworks-${CONFIGURATION}-input-files.xcfilelist",
			);
			name = "[CP] Embed Pods Frameworks";
			outputFileListPaths = (
				"${PODS_ROOT}/Target Support Files/Pods-SmackApp/Pods-SmackApp-frameworks-${CONFIGURATION}-output-files.xcfilelist",
			);
			runOnlyForDeploymentPostprocessing = 0;
			shellPath = /bin/sh;
			shellScript = "\"${PODS_ROOT}/Target Support Files/Pods-SmackApp/Pods-SmackApp-frameworks.sh\"\n";
			showEnvVarsInLog = 0;
		};
/* End PBXShellScriptBuildPhase section */

/* Begin PBXSourcesBuildPhase section */
		ECFEC3A02464FF920027957A /* Sources */ = {
			isa = PBXSourcesBuildPhase;
			buildActionMask = 2147483647;
			files = (
				EC30EE4B24650A8300F737DF /* ChannelVC.swift in Sources */,
				EC5EAA3F246A497C0068BB72 /* SignupVC.swift in Sources */,
				EC30EE4924650A5600F737DF /* ChatVC.swift in Sources */,
				EC5EAA3D246A3BDC0068BB72 /* LoginVC.swift in Sources */,
				EC30EE4F2465193C00F737DF /* GradientView.swift in Sources */,
				ECFEC3A82464FF920027957A /* AppDelegate.swift in Sources */,
				ECFEC3AA2464FF920027957A /* SceneDelegate.swift in Sources */,
			);
			runOnlyForDeploymentPostprocessing = 0;
		};
/* End PBXSourcesBuildPhase section */

/* Begin PBXVariantGroup section */
		ECFEC3AD2464FF920027957A /* Main.storyboard */ = {
			isa = PBXVariantGroup;
			children = (
				ECFEC3AE2464FF920027957A /* Base */,
			);
			name = Main.storyboard;
			sourceTree = "<group>";
		};
		ECFEC3B22464FFA60027957A /* LaunchScreen.storyboard */ = {
			isa = PBXVariantGroup;
			children = (
				ECFEC3B32464FFA60027957A /* Base */,
			);
			name = LaunchScreen.storyboard;
			sourceTree = "<group>";
		};
/* End PBXVariantGroup section */

/* Begin XCBuildConfiguration section */
		ECFEC3B62464FFA60027957A /* Debug */ = {
			isa = XCBuildConfiguration;
			buildSettings = {
				ALWAYS_SEARCH_USER_PATHS = NO;
				CLANG_ANALYZER_NONNULL = YES;
				CLANG_ANALYZER_NUMBER_OBJECT_CONVERSION = YES_AGGRESSIVE;
				CLANG_CXX_LANGUAGE_STANDARD = "gnu++14";
				CLANG_CXX_LIBRARY = "libc++";
				CLANG_ENABLE_MODULES = YES;
				CLANG_ENABLE_OBJC_ARC = YES;
				CLANG_ENABLE_OBJC_WEAK = YES;
				CLANG_WARN_BLOCK_CAPTURE_AUTORELEASING = YES;
				CLANG_WARN_BOOL_CONVERSION = YES;
				CLANG_WARN_COMMA = YES;
				CLANG_WARN_CONSTANT_CONVERSION = YES;
				CLANG_WARN_DEPRECATED_OBJC_IMPLEMENTATIONS = YES;
				CLANG_WARN_DIRECT_OBJC_ISA_USAGE = YES_ERROR;
				CLANG_WARN_DOCUMENTATION_COMMENTS = YES;
				CLANG_WARN_EMPTY_BODY = YES;
				CLANG_WARN_ENUM_CONVERSION = YES;
				CLANG_WARN_INFINITE_RECURSION = YES;
				CLANG_WARN_INT_CONVERSION = YES;
				CLANG_WARN_NON_LITERAL_NULL_CONVERSION = YES;
				CLANG_WARN_OBJC_IMPLICIT_RETAIN_SELF = YES;
				CLANG_WARN_OBJC_LITERAL_CONVERSION = YES;
				CLANG_WARN_OBJC_ROOT_CLASS = YES_ERROR;
				CLANG_WARN_RANGE_LOOP_ANALYSIS = YES;
				CLANG_WARN_STRICT_PROTOTYPES = YES;
				CLANG_WARN_SUSPICIOUS_MOVE = YES;
				CLANG_WARN_UNGUARDED_AVAILABILITY = YES_AGGRESSIVE;
				CLANG_WARN_UNREACHABLE_CODE = YES;
				CLANG_WARN__DUPLICATE_METHOD_MATCH = YES;
				COPY_PHASE_STRIP = NO;
				DEBUG_INFORMATION_FORMAT = dwarf;
				ENABLE_STRICT_OBJC_MSGSEND = YES;
				ENABLE_TESTABILITY = YES;
				GCC_C_LANGUAGE_STANDARD = gnu11;
				GCC_DYNAMIC_NO_PIC = NO;
				GCC_NO_COMMON_BLOCKS = YES;
				GCC_OPTIMIZATION_LEVEL = 0;
				GCC_PREPROCESSOR_DEFINITIONS = (
					"DEBUG=1",
					"$(inherited)",
				);
				GCC_WARN_64_TO_32_BIT_CONVERSION = YES;
				GCC_WARN_ABOUT_RETURN_TYPE = YES_ERROR;
				GCC_WARN_UNDECLARED_SELECTOR = YES;
				GCC_WARN_UNINITIALIZED_AUTOS = YES_AGGRESSIVE;
				GCC_WARN_UNUSED_FUNCTION = YES;
				GCC_WARN_UNUSED_VARIABLE = YES;
				IPHONEOS_DEPLOYMENT_TARGET = 13.4;
				MTL_ENABLE_DEBUG_INFO = INCLUDE_SOURCE;
				MTL_FAST_MATH = YES;
				ONLY_ACTIVE_ARCH = YES;
				SDKROOT = iphoneos;
				SWIFT_ACTIVE_COMPILATION_CONDITIONS = DEBUG;
				SWIFT_OPTIMIZATION_LEVEL = "-Onone";
			};
			name = Debug;
		};
		ECFEC3B72464FFA60027957A /* Release */ = {
			isa = XCBuildConfiguration;
			buildSettings = {
				ALWAYS_SEARCH_USER_PATHS = NO;
				CLANG_ANALYZER_NONNULL = YES;
				CLANG_ANALYZER_NUMBER_OBJECT_CONVERSION = YES_AGGRESSIVE;
				CLANG_CXX_LANGUAGE_STANDARD = "gnu++14";
				CLANG_CXX_LIBRARY = "libc++";
				CLANG_ENABLE_MODULES = YES;
				CLANG_ENABLE_OBJC_ARC = YES;
				CLANG_ENABLE_OBJC_WEAK = YES;
				CLANG_WARN_BLOCK_CAPTURE_AUTORELEASING = YES;
				CLANG_WARN_BOOL_CONVERSION = YES;
				CLANG_WARN_COMMA = YES;
				CLANG_WARN_CONSTANT_CONVERSION = YES;
				CLANG_WARN_DEPRECATED_OBJC_IMPLEMENTATIONS = YES;
				CLANG_WARN_DIRECT_OBJC_ISA_USAGE = YES_ERROR;
				CLANG_WARN_DOCUMENTATION_COMMENTS = YES;
				CLANG_WARN_EMPTY_BODY = YES;
				CLANG_WARN_ENUM_CONVERSION = YES;
				CLANG_WARN_INFINITE_RECURSION = YES;
				CLANG_WARN_INT_CONVERSION = YES;
				CLANG_WARN_NON_LITERAL_NULL_CONVERSION = YES;
				CLANG_WARN_OBJC_IMPLICIT_RETAIN_SELF = YES;
				CLANG_WARN_OBJC_LITERAL_CONVERSION = YES;
				CLANG_WARN_OBJC_ROOT_CLASS = YES_ERROR;
				CLANG_WARN_RANGE_LOOP_ANALYSIS = YES;
				CLANG_WARN_STRICT_PROTOTYPES = YES;
				CLANG_WARN_SUSPICIOUS_MOVE = YES;
				CLANG_WARN_UNGUARDED_AVAILABILITY = YES_AGGRESSIVE;
				CLANG_WARN_UNREACHABLE_CODE = YES;
				CLANG_WARN__DUPLICATE_METHOD_MATCH = YES;
				COPY_PHASE_STRIP = NO;
				DEBUG_INFORMATION_FORMAT = "dwarf-with-dsym";
				ENABLE_NS_ASSERTIONS = NO;
				ENABLE_STRICT_OBJC_MSGSEND = YES;
				GCC_C_LANGUAGE_STANDARD = gnu11;
				GCC_NO_COMMON_BLOCKS = YES;
				GCC_WARN_64_TO_32_BIT_CONVERSION = YES;
				GCC_WARN_ABOUT_RETURN_TYPE = YES_ERROR;
				GCC_WARN_UNDECLARED_SELECTOR = YES;
				GCC_WARN_UNINITIALIZED_AUTOS = YES_AGGRESSIVE;
				GCC_WARN_UNUSED_FUNCTION = YES;
				GCC_WARN_UNUSED_VARIABLE = YES;
				IPHONEOS_DEPLOYMENT_TARGET = 13.4;
				MTL_ENABLE_DEBUG_INFO = NO;
				MTL_FAST_MATH = YES;
				SDKROOT = iphoneos;
				SWIFT_COMPILATION_MODE = wholemodule;
				SWIFT_OPTIMIZATION_LEVEL = "-O";
				VALIDATE_PRODUCT = YES;
			};
			name = Release;
		};
		ECFEC3B92464FFA60027957A /* Debug */ = {
			isa = XCBuildConfiguration;
			baseConfigurationReference = E3FF038D7CD6B52ED2E2F48E /* Pods-SmackApp.debug.xcconfig */;
			buildSettings = {
				ASSETCATALOG_COMPILER_APPICON_NAME = AppIcon;
				CODE_SIGN_STYLE = Automatic;
				DEVELOPMENT_TEAM = RCL53DPK25;
				INFOPLIST_FILE = SmackApp/Info.plist;
				IPHONEOS_DEPLOYMENT_TARGET = 13.0;
				LD_RUNPATH_SEARCH_PATHS = (
					"$(inherited)",
					"@executable_path/Frameworks",
				);
				PRODUCT_BUNDLE_IDENTIFIER = com.devx.SmackApp;
				PRODUCT_NAME = "$(TARGET_NAME)";
				SWIFT_VERSION = 5.0;
				TARGETED_DEVICE_FAMILY = "1,2";
			};
			name = Debug;
		};
		ECFEC3BA2464FFA60027957A /* Release */ = {
			isa = XCBuildConfiguration;
			baseConfigurationReference = 3D015A253043817DBA8C7DB7 /* Pods-SmackApp.release.xcconfig */;
			buildSettings = {
				ASSETCATALOG_COMPILER_APPICON_NAME = AppIcon;
				CODE_SIGN_STYLE = Automatic;
				DEVELOPMENT_TEAM = RCL53DPK25;
				INFOPLIST_FILE = SmackApp/Info.plist;
				IPHONEOS_DEPLOYMENT_TARGET = 13.0;
				LD_RUNPATH_SEARCH_PATHS = (
					"$(inherited)",
					"@executable_path/Frameworks",
				);
				PRODUCT_BUNDLE_IDENTIFIER = com.devx.SmackApp;
				PRODUCT_NAME = "$(TARGET_NAME)";
				SWIFT_VERSION = 5.0;
				TARGETED_DEVICE_FAMILY = "1,2";
			};
			name = Release;
		};
/* End XCBuildConfiguration section */

/* Begin XCConfigurationList section */
		ECFEC39F2464FF920027957A /* Build configuration list for PBXProject "SmackApp" */ = {
			isa = XCConfigurationList;
			buildConfigurations = (
				ECFEC3B62464FFA60027957A /* Debug */,
				ECFEC3B72464FFA60027957A /* Release */,
			);
			defaultConfigurationIsVisible = 0;
			defaultConfigurationName = Release;
		};
		ECFEC3B82464FFA60027957A /* Build configuration list for PBXNativeTarget "SmackApp" */ = {
			isa = XCConfigurationList;
			buildConfigurations = (
				ECFEC3B92464FFA60027957A /* Debug */,
				ECFEC3BA2464FFA60027957A /* Release */,
			);
			defaultConfigurationIsVisible = 0;
			defaultConfigurationName = Release;
		};
/* End XCConfigurationList section */
	};
	rootObject = ECFEC39C2464FF920027957A /* Project object */;
}
